
Microsoft Visual Studio Solution File, Format Version 12.00
# Visual Studio Version 16
VisualStudioVersion = 16.0.30330.147
MinimumVisualStudioVersion = 10.0.40219.1
Project("{9A19103F-16F7-4668-BE54-9A1E7A4F7556}") = "WebApi", "WebApi.csproj", "{FE381D93-93DA-4AAE-A4A2-93C440544184}"
EndProject
Global
	GlobalSection(SolutionConfigurationPlatforms) = preSolution
		Debug|Any CPU = Debug|Any CPU
		Release|Any CPU = Release|Any CPU
	EndGlobalSection
	GlobalSection(ProjectConfigurationPlatforms) = postSolution
		{FE381D93-93DA-4AAE-A4A2-93C440544184}.Debug|Any CPU.ActiveCfg = Debug|Any CPU
		{FE381D93-93DA-4AAE-A4A2-93C440544184}.Debug|Any CPU.Build.0 = Debug|Any CPU
		{FE381D93-93DA-4AAE-A4A2-93C440544184}.Release|Any CPU.ActiveCfg = Release|Any CPU
		{FE381D93-93DA-4AAE-A4A2-93C440544184}.Release|Any CPU.Build.0 = Release|Any CPU
	EndGlobalSection
	GlobalSection(SolutionProperties) = preSolution
		HideSolutionNode = FALSE
	EndGlobalSection
	GlobalSection(ExtensibilityGlobals) = postSolution
		SolutionGuid = {FD8B3D7D-C93A-4DD5-BDC2-D0AF6D5824C3}
	EndGlobalSection
EndGlobal
